{
  "object": {
    "pins": [
      {
        "package": "swift-argument-parser",
        "repositoryURL": "https://github.com/apple/swift-argument-parser",
        "state": {
          "branch": null,
          "revision": "eb51f949cdd0c9d88abba9ce79d37eb7ea1231d0",
          "version": "0.2.0"
        }
      },
      {
        "package": "SwiftShell",
        "repositoryURL": "https://github.com/kareman/SwiftShell.git",
        "state": {
          "branch": null,
          "revision": "beebe43c986d89ea5359ac3adcb42dac94e5e08a",
          "version": "4.1.2"
        }
      }
    ]
  },
  "version": 1
}
